PODS:
  - Alamofire (4.9.1)
  - CoreStore (7.0.1)
  - Kingfisher (5.9.0):
    - Kingfisher/Core (= 5.9.0)
  - Kingfisher/Core (5.9.0)
  - Nimble (8.0.4)
  - Quick (2.2.0)
  - SwiftLint (0.37.0)
  - Swinject (2.6.2)
  - SwinjectStoryboard (2.2.0):
    - Swinject (~> 2.6)

DEPENDENCIES:
  - Alamofire
  - CoreStore
  - Kingfisher
  - Nimble
  - Quick
  - SwiftLint
  - Swinject (= 2.6.2)
  - SwinjectStoryboard

SPEC REPOS:
  trunk:
    - Alamofire
    - CoreStore
    - Kingfisher
    - Nimble
    - Quick
    - SwiftLint
    - Swinject
    - SwinjectStoryboard

SPEC CHECKSUMS:
  Alamofire: 85e8a02c69d6020a0d734f6054870d7ecb75cf18
  CoreStore: c353080c6ae1708f621b75d9f8afe7d2ee716807
  Kingfisher: ff98240aebb7302bdc4f1ecd701761030ce18b16
  Nimble: 18d5360282923225d62b09d781f63abc1a0111fc
  Quick: 7fb19e13be07b5dfb3b90d4f9824c855a11af40e
  SwiftLint: c078a14d7d7ade75e5507795d185e3da41d844d2
  Swinject: cf7458774b1b00323080a9c67e47a1ee7f9d2af1
  SwinjectStoryboard: 32512ef16c2b0ff5b8f823b23539c4a50f6d3383

PODFILE CHECKSUM: 1e7e83104cfdb53c0bd4fbf1ac9c8fa972528edd

COCOAPODS: 1.8.3
