<?xml version="1.0" encoding="UTF-8"?>
<Scheme
   LastUpgradeVersion = "1140"
   version = "1.3">
   <BuildAction
      parallelizeBuildables = "YES"
      buildImplicitDependencies = "YES">
      <BuildActionEntries>
         <BuildActionEntry
            buildForTesting = "YES"
            buildForRunning = "YES"
            buildForProfiling = "YES"
            buildForArchiving = "YES"
            buildForAnalyzing = "YES">
            <BuildableReference
               BuildableIdentifier = "primary"
               BlueprintIdentifier = "0B60F00F243E0CA500933275"
               BuildableName = "Movies.app"
               BlueprintName = "App-tvOS"
               ReferencedContainer = "container:Movies.xcodeproj">
            </BuildableReference>
         </BuildActionEntry>
      </BuildActionEntries>
   </BuildAction>
   <TestAction
      buildConfiguration = "Debug (Development)"
      selectedDebuggerIdentifier = "Xcode.DebuggerFoundation.Debugger.LLDB"
      selectedLauncherIdentifier = "Xcode.DebuggerFoundation.Launcher.LLDB"
      shouldUseLaunchSchemeArgsEnv = "YES"
      codeCoverageEnabled = "YES"
      onlyGenerateCoverageForSpecifiedTargets = "YES">
      <CodeCoverageTargets>
         <BuildableReference
            BuildableIdentifier = "primary"
            BlueprintIdentifier = "0B60F00F243E0CA500933275"
            BuildableName = "Movies.app"
            BlueprintName = "App-tvOS"
            ReferencedContainer = "container:Movies.xcodeproj">
         </BuildableReference>
         <BuildableReference
            BuildableIdentifier = "primary"
            BlueprintIdentifier = "0B60F10A243F23A700933275"
            BuildableName = "Core.framework"
            BlueprintName = "Core-tvOS"
            ReferencedContainer = "container:Movies.xcodeproj">
         </BuildableReference>
         <BuildableReference
            BuildableIdentifier = "primary"
            BlueprintIdentifier = "0B60EF91243DF5B500933275"
            BuildableName = "Data.framework"
            BlueprintName = "Data-tvOS"
            ReferencedContainer = "container:Movies.xcodeproj">
         </BuildableReference>
         <BuildableReference
            BuildableIdentifier = "primary"
            BlueprintIdentifier = "0B60EF6A243DF0C500933275"
            BuildableName = "Domain.framework"
            BlueprintName = "Domain-tvOS"
            ReferencedContainer = "container:Movies.xcodeproj">
         </BuildableReference>
         <BuildableReference
            BuildableIdentifier = "primary"
            BlueprintIdentifier = "0B60EFA2243DF5C400933275"
            BuildableName = "Net.framework"
            BlueprintName = "Net-tvOS"
            ReferencedContainer = "container:Movies.xcodeproj">
         </BuildableReference>
      </CodeCoverageTargets>
      <Testables>
         <TestableReference
            skipped = "NO"
            testExecutionOrdering = "random">
            <BuildableReference
               BuildableIdentifier = "primary"
               BlueprintIdentifier = "0B60F02B243E0CB800933275"
               BuildableName = "MoviesTests.xctest"
               BlueprintName = "AppTests-tvOS"
               ReferencedContainer = "container:Movies.xcodeproj">
            </BuildableReference>
         </TestableReference>
         <TestableReference
            skipped = "NO"
            testExecutionOrdering = "random">
            <BuildableReference
               BuildableIdentifier = "primary"
               BlueprintIdentifier = "0B60EFE9243DF9EA00933275"
               BuildableName = "DataTests.xctest"
               BlueprintName = "DataTests-tvOS"
               ReferencedContainer = "container:Movies.xcodeproj">
            </BuildableReference>
         </TestableReference>
         <TestableReference
            skipped = "NO"
            testExecutionOrdering = "random">
            <BuildableReference
               BuildableIdentifier = "primary"
               BlueprintIdentifier = "0B60EFFC243DFABF00933275"
               BuildableName = "DomainTests.xctest"
               BlueprintName = "DomainTests-tvOS"
               ReferencedContainer = "container:Movies.xcodeproj">
            </BuildableReference>
         </TestableReference>
         <TestableReference
            skipped = "NO"
            testExecutionOrdering = "random">
            <BuildableReference
               BuildableIdentifier = "primary"
               BlueprintIdentifier = "0B60EFD6243DF91C00933275"
               BuildableName = "NetTests.xctest"
               BlueprintName = "NetTests-tvOS"
               ReferencedContainer = "container:Movies.xcodeproj">
            </BuildableReference>
         </TestableReference>
         <TestableReference
            skipped = "NO"
            testExecutionOrdering = "random">
            <BuildableReference
               BuildableIdentifier = "primary"
               BlueprintIdentifier = "0B60F154243F2A7E00933275"
               BuildableName = "CoreTests.xctest"
               BlueprintName = "CoreTests-tvOS"
               ReferencedContainer = "container:Movies.xcodeproj">
            </BuildableReference>
         </TestableReference>
      </Testables>
   </TestAction>
   <LaunchAction
      buildConfiguration = "Debug (Development)"
      selectedDebuggerIdentifier = "Xcode.DebuggerFoundation.Debugger.LLDB"
      selectedLauncherIdentifier = "Xcode.DebuggerFoundation.Launcher.LLDB"
      launchStyle = "0"
      useCustomWorkingDirectory = "NO"
      ignoresPersistentStateOnLaunch = "NO"
      debugDocumentVersioning = "YES"
      debugServiceExtension = "internal"
      allowLocationSimulation = "YES">
      <BuildableProductRunnable
         runnableDebuggingMode = "0">
         <BuildableReference
            BuildableIdentifier = "primary"
            BlueprintIdentifier = "0B60F00F243E0CA500933275"
            BuildableName = "Movies.app"
            BlueprintName = "App-tvOS"
            ReferencedContainer = "container:Movies.xcodeproj">
         </BuildableReference>
      </BuildableProductRunnable>
   </LaunchAction>
   <ProfileAction
      buildConfiguration = "Release (Production)"
      shouldUseLaunchSchemeArgsEnv = "YES"
      savedToolIdentifier = ""
      useCustomWorkingDirectory = "NO"
      debugDocumentVersioning = "YES">
      <BuildableProductRunnable
         runnableDebuggingMode = "0">
         <BuildableReference
            BuildableIdentifier = "primary"
            BlueprintIdentifier = "0B60F00F243E0CA500933275"
            BuildableName = "Movies.app"
            BlueprintName = "App-tvOS"
            ReferencedContainer = "container:Movies.xcodeproj">
         </BuildableReference>
      </BuildableProductRunnable>
   </ProfileAction>
   <AnalyzeAction
      buildConfiguration = "Debug (Development)">
   </AnalyzeAction>
   <ArchiveAction
      buildConfiguration = "Release (Production)"
      revealArchiveInOrganizer = "YES">
   </ArchiveAction>
</Scheme>
